
Microsoft Visual Studio Solution File, Format Version 12.00
# Visual Studio Version 17
VisualStudioVersion = 17.10.35004.147
MinimumVisualStudioVersion = 10.0.40219.1
Project("{888888A0-9F3D-457C-B088-3A5042F75D52}") = "repos1", "repos1.pyproj", "{DAAEBD9B-4888-4961-A1E6-39F1D2AC8FA9}"
EndProject
Global
	GlobalSection(SolutionConfigurationPlatforms) = preSolution
		Debug|Any CPU = Debug|Any CPU
		Release|Any CPU = Release|Any CPU
	EndGlobalSection
	GlobalSection(ProjectConfigurationPlatforms) = postSolution
		{DAAEBD9B-4888-4961-A1E6-39F1D2AC8FA9}.Debug|Any CPU.ActiveCfg = Debug|Any CPU
		{DAAEBD9B-4888-4961-A1E6-39F1D2AC8FA9}.Release|Any CPU.ActiveCfg = Release|Any CPU
	EndGlobalSection
	GlobalSection(SolutionProperties) = preSolution
		HideSolutionNode = FALSE
	EndGlobalSection
	GlobalSection(ExtensibilityGlobals) = postSolution
		SolutionGuid = {FD04B5D6-8509-4FEE-9E6F-84FE6A4A2DCB}
	EndGlobalSection
EndGlobal
